// !$*UTF8*$!
{
	archiveVersion = 1;
	classes = {
	};
	objectVersion = 46;
	objects = {

/* Begin PBXBuildFile section */
		C29BCEF5226470F600733DB2 /* main.c in Sources */ = {isa = PBXBuildFile; fileRef = C29BCEF4226470F600733DB2 /* main.c */; };
		C29BCEFE226471A000733DB2 /* SDL2.framework in Frameworks */ = {isa = PBXBuildFile; fileRef = C29BCEFD226471A000733DB2 /* SDL2.framework */; };
		C29BCF0422670FDF00733DB2 /* data in CopyFiles */ = {isa = PBXBuildFile; fileRef = C29BCF0322670EF300733DB2 /* data */; };
/* End PBXBuildFile section */

/* Begin PBXCopyFilesBuildPhase section */
		C29BCEEF226470F600733DB2 /* CopyFiles */ = {
			isa = PBXCopyFilesBuildPhase;
			buildActionMask = 12;
			dstPath = .;
			dstSubfolderSpec = 16;
			files = (
				C29BCF0422670FDF00733DB2 /* data in CopyFiles */,
			);
			runOnlyForDeploymentPostprocessing = 0;
		};
/* End PBXCopyFilesBuildPhase section */

/* Begin PBXFileReference section */
		C29BCEF1226470F600733DB2 /* graphxconv */ = {isa = PBXFileReference; explicitFileType = "compiled.mach-o.executable"; includeInIndex = 0; path = graphxconv; sourceTree = BUILT_PRODUCTS_DIR; };
		C29BCEF4226470F600733DB2 /* main.c */ = {isa = PBXFileReference; lastKnownFileType = sourcecode.c.c; path = main.c; sourceTree = "<group>"; };
		C29BCEFB2264717200733DB2 /* libs */ = {isa = PBXFileReference; lastKnownFileType = folder; path = libs; sourceTree = "<group>"; };
		C29BCEFD226471A000733DB2 /* SDL2.framework */ = {isa = PBXFileReference; lastKnownFileType = wrapper.framework; name = SDL2.framework; path = "MSX1 Graphic Converter/libs/SDL2.framework"; sourceTree = "<group>"; };
		C29BCF0322670EF300733DB2 /* data */ = {isa = PBXFileReference; lastKnownFileType = folder; path = data; sourceTree = "<group>"; };
		C29BCF052269069400733DB2 /* converter.h */ = {isa = PBXFileReference; lastKnownFileType = sourcecode.c.h; path = converter.h; sourceTree = "<group>"; };
		C29BCF062269D37D00733DB2 /* msximages */ = {isa = PBXFileReference; lastKnownFileType = folder; path = msximages; sourceTree = "<group>"; };
		C29BCF0C226A524E00733DB2 /* binaries */ = {isa = PBXFileReference; lastKnownFileType = folder; path = binaries; sourceTree = "<group>"; };
/* End PBXFileReference section */

/* Begin PBXFrameworksBuildPhase section */
		C29BCEEE226470F600733DB2 /* Frameworks */ = {
			isa = PBXFrameworksBuildPhase;
			buildActionMask = 2147483647;
			files = (
				C29BCEFE226471A000733DB2 /* SDL2.framework in Frameworks */,
			);
			runOnlyForDeploymentPostprocessing = 0;
		};
/* End PBXFrameworksBuildPhase section */

/* Begin PBXGroup section */
		C29BCEE8226470F600733DB2 = {
			isa = PBXGroup;
			children = (
				C29BCEF3226470F600733DB2 /* MSX1 Graphic Converter */,
				C29BCEF2226470F600733DB2 /* Products */,
				C29BCEFC226471A000733DB2 /* Frameworks */,
			);
			sourceTree = "<group>";
		};
		C29BCEF2226470F600733DB2 /* Products */ = {
			isa = PBXGroup;
			children = (
				C29BCEF1226470F600733DB2 /* graphxconv */,
			);
			name = Products;
			sourceTree = "<group>";
		};
		C29BCEF3226470F600733DB2 /* MSX1 Graphic Converter */ = {
			isa = PBXGroup;
			children = (
				C29BCF0C226A524E00733DB2 /* binaries */,
				C29BCF062269D37D00733DB2 /* msximages */,
				C29BCF0322670EF300733DB2 /* data */,
				C29BCEFB2264717200733DB2 /* libs */,
				C29BCEF4226470F600733DB2 /* main.c */,
				C29BCF052269069400733DB2 /* converter.h */,
			);
			path = "MSX1 Graphic Converter";
			sourceTree = "<group>";
		};
		C29BCEFC226471A000733DB2 /* Frameworks */ = {
			isa = PBXGroup;
			children = (
				C29BCEFD226471A000733DB2 /* SDL2.framework */,
			);
			name = Frameworks;
			sourceTree = "<group>";
		};
/* End PBXGroup section */

/* Begin PBXNativeTarget section */
		C29BCEF0226470F600733DB2 /* MSX1 Graphic Converter */ = {
			isa = PBXNativeTarget;
			buildConfigurationList = C29BCEF8226470F600733DB2 /* Build configuration list for PBXNativeTarget "MSX1 Graphic Converter" */;
			buildPhases = (
				C29BCEED226470F600733DB2 /* Sources */,
				C29BCEEE226470F600733DB2 /* Frameworks */,
				C29BCEEF226470F600733DB2 /* CopyFiles */,
			);
			buildRules = (
			);
			dependencies = (
			);
			name = "MSX1 Graphic Converter";
			productName = "MSX1 Graphic Converter";
			productReference = C29BCEF1226470F600733DB2 /* graphxconv */;
			productType = "com.apple.product-type.tool";
		};
/* End PBXNativeTarget section */

/* Begin PBXProject section */
		C29BCEE9226470F600733DB2 /* Project object */ = {
			isa = PBXProject;
			attributes = {
				LastUpgradeCheck = 0820;
				ORGANIZATIONNAME = "Eric Boez";
				TargetAttributes = {
					C29BCEF0226470F600733DB2 = {
						CreatedOnToolsVersion = 8.2.1;
						DevelopmentTeam = 84AT6JUUZ5;
						ProvisioningStyle = Automatic;
					};
				};
			};
			buildConfigurationList = C29BCEEC226470F600733DB2 /* Build configuration list for PBXProject "MSX1 Graphic Converter" */;
			compatibilityVersion = "Xcode 3.2";
			developmentRegion = English;
			hasScannedForEncodings = 0;
			knownRegions = (
				en,
			);
			mainGroup = C29BCEE8226470F600733DB2;
			productRefGroup = C29BCEF2226470F600733DB2 /* Products */;
			projectDirPath = "";
			projectRoot = "";
			targets = (
				C29BCEF0226470F600733DB2 /* MSX1 Graphic Converter */,
			);
		};
/* End PBXProject section */

/* Begin PBXSourcesBuildPhase section */
		C29BCEED226470F600733DB2 /* Sources */ = {
			isa = PBXSourcesBuildPhase;
			buildActionMask = 2147483647;
			files = (
				C29BCEF5226470F600733DB2 /* main.c in Sources */,
			);
			runOnlyForDeploymentPostprocessing = 0;
		};
/* End PBXSourcesBuildPhase section */

/* Begin XCBuildConfiguration section */
		C29BCEF6226470F600733DB2 /* Debug */ = {
			isa = XCBuildConfiguration;
			buildSettings = {
				ALWAYS_SEARCH_USER_PATHS = NO;
				CLANG_ANALYZER_NONNULL = YES;
				CLANG_CXX_LANGUAGE_STANDARD = "gnu++0x";
				CLANG_CXX_LIBRARY = "libc++";
				CLANG_ENABLE_MODULES = YES;
				CLANG_ENABLE_OBJC_ARC = YES;
				CLANG_WARN_BOOL_CONVERSION = YES;
				CLANG_WARN_CONSTANT_CONVERSION = YES;
				CLANG_WARN_DIRECT_OBJC_ISA_USAGE = YES_ERROR;
				CLANG_WARN_DOCUMENTATION_COMMENTS = YES;
				CLANG_WARN_EMPTY_BODY = YES;
				CLANG_WARN_ENUM_CONVERSION = YES;
				CLANG_WARN_INFINITE_RECURSION = YES;
				CLANG_WARN_INT_CONVERSION = YES;
				CLANG_WARN_OBJC_ROOT_CLASS = YES_ERROR;
				CLANG_WARN_SUSPICIOUS_MOVE = YES;
				CLANG_WARN_UNREACHABLE_CODE = YES;
				CLANG_WARN__DUPLICATE_METHOD_MATCH = YES;
				CODE_SIGN_IDENTITY = "-";
				COPY_PHASE_STRIP = NO;
				DEBUG_INFORMATION_FORMAT = dwarf;
				ENABLE_STRICT_OBJC_MSGSEND = YES;
				ENABLE_TESTABILITY = YES;
				GCC_C_LANGUAGE_STANDARD = gnu99;
				GCC_DYNAMIC_NO_PIC = NO;
				GCC_NO_COMMON_BLOCKS = YES;
				GCC_OPTIMIZATION_LEVEL = 0;
				GCC_PREPROCESSOR_DEFINITIONS = (
					"DEBUG=1",
					"$(inherited)",
				);
				GCC_WARN_64_TO_32_BIT_CONVERSION = YES;
				GCC_WARN_ABOUT_RETURN_TYPE = YES_ERROR;
				GCC_WARN_UNDECLARED_SELECTOR = YES;
				GCC_WARN_UNINITIALIZED_AUTOS = YES_AGGRESSIVE;
				GCC_WARN_UNUSED_FUNCTION = YES;
				GCC_WARN_UNUSED_VARIABLE = YES;
				MACOSX_DEPLOYMENT_TARGET = 10.11;
				MTL_ENABLE_DEBUG_INFO = YES;
				ONLY_ACTIVE_ARCH = YES;
				SDKROOT = macosx;
			};
			name = Debug;
		};
		C29BCEF7226470F600733DB2 /* Release */ = {
			isa = XCBuildConfiguration;
			buildSettings = {
				ALWAYS_SEARCH_USER_PATHS = NO;
				CLANG_ANALYZER_NONNULL = YES;
				CLANG_CXX_LANGUAGE_STANDARD = "gnu++0x";
				CLANG_CXX_LIBRARY = "libc++";
				CLANG_ENABLE_MODULES = YES;
				CLANG_ENABLE_OBJC_ARC = YES;
				CLANG_WARN_BOOL_CONVERSION = YES;
				CLANG_WARN_CONSTANT_CONVERSION = YES;
				CLANG_WARN_DIRECT_OBJC_ISA_USAGE = YES_ERROR;
				CLANG_WARN_DOCUMENTATION_COMMENTS = YES;
				CLANG_WARN_EMPTY_BODY = YES;
				CLANG_WARN_ENUM_CONVERSION = YES;
				CLANG_WARN_INFINITE_RECURSION = YES;
				CLANG_WARN_INT_CONVERSION = YES;
				CLANG_WARN_OBJC_ROOT_CLASS = YES_ERROR;
				CLANG_WARN_SUSPICIOUS_MOVE = YES;
				CLANG_WARN_UNREACHABLE_CODE = YES;
				CLANG_WARN__DUPLICATE_METHOD_MATCH = YES;
				CODE_SIGN_IDENTITY = "-";
				COPY_PHASE_STRIP = NO;
				DEBUG_INFORMATION_FORMAT = "dwarf-with-dsym";
				ENABLE_NS_ASSERTIONS = NO;
				ENABLE_STRICT_OBJC_MSGSEND = YES;
				GCC_C_LANGUAGE_STANDARD = gnu99;
				GCC_NO_COMMON_BLOCKS = YES;
				GCC_WARN_64_TO_32_BIT_CONVERSION = YES;
				GCC_WARN_ABOUT_RETURN_TYPE = YES_ERROR;
				GCC_WARN_UNDECLARED_SELECTOR = YES;
				GCC_WARN_UNINITIALIZED_AUTOS = YES_AGGRESSIVE;
				GCC_WARN_UNUSED_FUNCTION = YES;
				GCC_WARN_UNUSED_VARIABLE = YES;
				MACOSX_DEPLOYMENT_TARGET = 10.11;
				MTL_ENABLE_DEBUG_INFO = NO;
				SDKROOT = macosx;
			};
			name = Release;
		};
		C29BCEF9226470F600733DB2 /* Debug */ = {
			isa = XCBuildConfiguration;
			buildSettings = {
				CODE_SIGN_IDENTITY = "Mac Developer";
				DEPLOYMENT_LOCATION = NO;
				DEVELOPMENT_TEAM = 84AT6JUUZ5;
				FRAMEWORK_SEARCH_PATHS = (
					"$(inherited)",
					"$(LOCAL_LIBRARY_DIR)/Frameworks",
				);
				INSTALL_PATH = "/Users/ericboez/Desktop/Xcode/MSX1\\ Graphic\\ Converter/MSX1\\ Graphic\\ Converter/bin";
				MACOSX_DEPLOYMENT_TARGET = 10.6;
				PRODUCT_NAME = graphxconv;
			};
			name = Debug;
		};
		C29BCEFA226470F600733DB2 /* Release */ = {
			isa = XCBuildConfiguration;
			buildSettings = {
				CODE_SIGN_IDENTITY = "Mac Developer";
				DEPLOYMENT_LOCATION = NO;
				DEVELOPMENT_TEAM = 84AT6JUUZ5;
				FRAMEWORK_SEARCH_PATHS = (
					"$(inherited)",
					"$(LOCAL_LIBRARY_DIR)/Frameworks",
				);
				INSTALL_PATH = "/Users/ericboez/Desktop/Xcode/MSX1\\ Graphic\\ Converter/MSX1\\ Graphic\\ Converter/bin";
				MACOSX_DEPLOYMENT_TARGET = 10.6;
				PRODUCT_NAME = graphxconv;
			};
			name = Release;
		};
/* End XCBuildConfiguration section */

/* Begin XCConfigurationList section */
		C29BCEEC226470F600733DB2 /* Build configuration list for PBXProject "MSX1 Graphic Converter" */ = {
			isa = XCConfigurationList;
			buildConfigurations = (
				C29BCEF6226470F600733DB2 /* Debug */,
				C29BCEF7226470F600733DB2 /* Release */,
			);
			defaultConfigurationIsVisible = 0;
			defaultConfigurationName = Release;
		};
		C29BCEF8226470F600733DB2 /* Build configuration list for PBXNativeTarget "MSX1 Graphic Converter" */ = {
			isa = XCConfigurationList;
			buildConfigurations = (
				C29BCEF9226470F600733DB2 /* Debug */,
				C29BCEFA226470F600733DB2 /* Release */,
			);
			defaultConfigurationIsVisible = 0;
			defaultConfigurationName = Release;
		};
/* End XCConfigurationList section */
	};
	rootObject = C29BCEE9226470F600733DB2 /* Project object */;
}
